
Microsoft Visual Studio Solution File, Format Version 12.00
# Visual Studio Version 16
VisualStudioVersion = 16.0.29709.97
MinimumVisualStudioVersion = 10.0.40219.1
Project("{9A19103F-16F7-4668-BE54-9A1E7A4F7556}") = "GrpcServerTest", "GrpcServerTest\GrpcServerTest.csproj", "{0B3EA1C1-BF4F-4B10-A2B6-684480A007C0}"
EndProject
Project("{9A19103F-16F7-4668-BE54-9A1E7A4F7556}") = "GrpcServer", "GrpcServer\GrpcServer.csproj", "{40C42B0A-236C-496D-9BA4-2A3FFC52937B}"
EndProject
Global
	GlobalSection(SolutionConfigurationPlatforms) = preSolution
		Debug|Any CPU = Debug|Any CPU
		Release|Any CPU = Release|Any CPU
	EndGlobalSection
	GlobalSection(ProjectConfigurationPlatforms) = postSolution
		{0B3EA1C1-BF4F-4B10-A2B6-684480A007C0}.Debug|Any CPU.ActiveCfg = Debug|Any CPU
		{0B3EA1C1-BF4F-4B10-A2B6-684480A007C0}.Debug|Any CPU.Build.0 = Debug|Any CPU
		{0B3EA1C1-BF4F-4B10-A2B6-684480A007C0}.Release|Any CPU.ActiveCfg = Release|Any CPU
		{0B3EA1C1-BF4F-4B10-A2B6-684480A007C0}.Release|Any CPU.Build.0 = Release|Any CPU
		{40C42B0A-236C-496D-9BA4-2A3FFC52937B}.Debug|Any CPU.ActiveCfg = Debug|Any CPU
		{40C42B0A-236C-496D-9BA4-2A3FFC52937B}.Debug|Any CPU.Build.0 = Debug|Any CPU
		{40C42B0A-236C-496D-9BA4-2A3FFC52937B}.Release|Any CPU.ActiveCfg = Release|Any CPU
		{40C42B0A-236C-496D-9BA4-2A3FFC52937B}.Release|Any CPU.Build.0 = Release|Any CPU
	EndGlobalSection
	GlobalSection(SolutionProperties) = preSolution
		HideSolutionNode = FALSE
	EndGlobalSection
	GlobalSection(ExtensibilityGlobals) = postSolution
		SolutionGuid = {3B61AEC4-1D3A-4683-9229-AB1281E77C21}
	EndGlobalSection
EndGlobal
